
Microsoft Visual Studio Solution File, Format Version 12.00
# Visual Studio Version 16
VisualStudioVersion = 16.0.31624.102
MinimumVisualStudioVersion = 10.0.40219.1
Project("{FAE04EC0-301F-11D3-BF4B-00C04F79EFBC}") = "PH3A.Juros.UI", "PH3A.Juros.UI\PH3A.Juros.UI.csproj", "{6FBDCDCD-F4C4-4513-8053-E2D95C8EDB96}"
EndProject
Project("{FAE04EC0-301F-11D3-BF4B-00C04F79EFBC}") = "PH3A.Juros.WS", "PH3A.Juros.WS\PH3A.Juros.WS.csproj", "{376D040A-75C9-47EA-89D3-55000A632960}"
EndProject
Global
	GlobalSection(SolutionConfigurationPlatforms) = preSolution
		Debug|Any CPU = Debug|Any CPU
		Release|Any CPU = Release|Any CPU
	EndGlobalSection
	GlobalSection(ProjectConfigurationPlatforms) = postSolution
		{6FBDCDCD-F4C4-4513-8053-E2D95C8EDB96}.Debug|Any CPU.ActiveCfg = Debug|Any CPU
		{6FBDCDCD-F4C4-4513-8053-E2D95C8EDB96}.Debug|Any CPU.Build.0 = Debug|Any CPU
		{6FBDCDCD-F4C4-4513-8053-E2D95C8EDB96}.Release|Any CPU.ActiveCfg = Release|Any CPU
		{6FBDCDCD-F4C4-4513-8053-E2D95C8EDB96}.Release|Any CPU.Build.0 = Release|Any CPU
		{376D040A-75C9-47EA-89D3-55000A632960}.Debug|Any CPU.ActiveCfg = Debug|Any CPU
		{376D040A-75C9-47EA-89D3-55000A632960}.Debug|Any CPU.Build.0 = Debug|Any CPU
		{376D040A-75C9-47EA-89D3-55000A632960}.Release|Any CPU.ActiveCfg = Release|Any CPU
		{376D040A-75C9-47EA-89D3-55000A632960}.Release|Any CPU.Build.0 = Release|Any CPU
	EndGlobalSection
	GlobalSection(SolutionProperties) = preSolution
		HideSolutionNode = FALSE
	EndGlobalSection
	GlobalSection(ExtensibilityGlobals) = postSolution
		SolutionGuid = {C8380E96-6FC4-4E13-9DD5-0F6249228A59}
	EndGlobalSection
EndGlobal
